{
  "name": "image_gallery",
  "lockfileVersion": 3,
  "requires": true,
  "packages": {
    "": {
      "dependencies": {
        "lightgallery": "^2.9.0-beta.1"
      }
    },
    "node_modules/lightgallery": {
      "version": "2.9.0-beta.1",
      "resolved": "https://registry.npmjs.org/lightgallery/-/lightgallery-2.9.0-beta.1.tgz",
      "integrity": "sha512-4Bl1vsYGOsI6RsPyephAUFW8bbZuZlLrpxU59cfKYKPDEX5Mhxfo1DUoUIJ+j5QPNrHEqrd+QeQtnGUCCwqK2g==",
      "license": "GPLv3",
      "engines": {
        "node": ">=6.0.0"
      }
    }
  }
}
